
Microsoft Visual Studio Solution File, Format Version 12.00
# Visual Studio Version 16
VisualStudioVersion = 16.0.31112.23
MinimumVisualStudioVersion = 10.0.40219.1
Project("{9A19103F-16F7-4668-BE54-9A1E7A4F7556}") = "Task1.Domain", "Task1.Domain\Task1.Domain.csproj", "{D0D02015-39D3-4C2F-A147-BC7C53A60DA9}"
EndProject
Project("{FAE04EC0-301F-11D3-BF4B-00C04F79EFBC}") = "App", "App\App.csproj", "{D472479E-66B4-4194-9BFA-2A52BDDFB07A}"
EndProject
Global
	GlobalSection(SolutionConfigurationPlatforms) = preSolution
		Debug|Any CPU = Debug|Any CPU
		Release|Any CPU = Release|Any CPU
	EndGlobalSection
	GlobalSection(ProjectConfigurationPlatforms) = postSolution
		{D0D02015-39D3-4C2F-A147-BC7C53A60DA9}.Debug|Any CPU.ActiveCfg = Debug|Any CPU
		{D0D02015-39D3-4C2F-A147-BC7C53A60DA9}.Debug|Any CPU.Build.0 = Debug|Any CPU
		{D0D02015-39D3-4C2F-A147-BC7C53A60DA9}.Release|Any CPU.ActiveCfg = Release|Any CPU
		{D0D02015-39D3-4C2F-A147-BC7C53A60DA9}.Release|Any CPU.Build.0 = Release|Any CPU
		{D472479E-66B4-4194-9BFA-2A52BDDFB07A}.Debug|Any CPU.ActiveCfg = Debug|Any CPU
		{D472479E-66B4-4194-9BFA-2A52BDDFB07A}.Debug|Any CPU.Build.0 = Debug|Any CPU
		{D472479E-66B4-4194-9BFA-2A52BDDFB07A}.Release|Any CPU.ActiveCfg = Release|Any CPU
		{D472479E-66B4-4194-9BFA-2A52BDDFB07A}.Release|Any CPU.Build.0 = Release|Any CPU
	EndGlobalSection
	GlobalSection(SolutionProperties) = preSolution
		HideSolutionNode = FALSE
	EndGlobalSection
	GlobalSection(ExtensibilityGlobals) = postSolution
		SolutionGuid = {1724C806-90C2-46EF-9B9D-AC74238BE96C}
	EndGlobalSection
EndGlobal
